// !$*UTF8*$!
{
	archiveVersion = 1;
	classes = {
	};
	objectVersion = 48;
	objects = {

/* Begin PBXBuildFile section */
		102562081FAA84E9008404F0 /* AppDelegate.swift in Sources */ = {isa = PBXBuildFile; fileRef = 102562071FAA84E9008404F0 /* AppDelegate.swift */; };
		1025620A1FAA84E9008404F0 /* ViewController.swift in Sources */ = {isa = PBXBuildFile; fileRef = 102562091FAA84E9008404F0 /* ViewController.swift */; };
		1025620D1FAA84E9008404F0 /* Main.storyboard in Resources */ = {isa = PBXBuildFile; fileRef = 1025620B1FAA84E9008404F0 /* Main.storyboard */; };
		1025620F1FAA84E9008404F0 /* Assets.xcassets in Resources */ = {isa = PBXBuildFile; fileRef = 1025620E1FAA84E9008404F0 /* Assets.xcassets */; };
		102562121FAA84E9008404F0 /* LaunchScreen.storyboard in Resources */ = {isa = PBXBuildFile; fileRef = 102562101FAA84E9008404F0 /* LaunchScreen.storyboard */; };
		1025621D1FAA84E9008404F0 /* TTTTests.swift in Sources */ = {isa = PBXBuildFile; fileRef = 1025621C1FAA84E9008404F0 /* TTTTests.swift */; };
		102562281FAA84E9008404F0 /* TTTUITests.swift in Sources */ = {isa = PBXBuildFile; fileRef = 102562271FAA84E9008404F0 /* TTTUITests.swift */; };
/* End PBXBuildFile section */

/* Begin PBXContainerItemProxy section */
		102562191FAA84E9008404F0 /* PBXContainerItemProxy */ = {
			isa = PBXContainerItemProxy;
			containerPortal = 102561FC1FAA84E9008404F0 /* Project object */;
			proxyType = 1;
			remoteGlobalIDString = 102562031FAA84E9008404F0;
			remoteInfo = TTT;
		};
		102562241FAA84E9008404F0 /* PBXContainerItemProxy */ = {
			isa = PBXContainerItemProxy;
			containerPortal = 102561FC1FAA84E9008404F0 /* Project object */;
			proxyType = 1;
			remoteGlobalIDString = 102562031FAA84E9008404F0;
			remoteInfo = TTT;
		};
/* End PBXContainerItemProxy section */

/* Begin PBXFileReference section */
		102562041FAA84E9008404F0 /* TTT.app */ = {isa = PBXFileReference; explicitFileType = wrapper.application; includeInIndex = 0; path = TTT.app; sourceTree = BUILT_PRODUCTS_DIR; };
		102562071FAA84E9008404F0 /* AppDelegate.swift */ = {isa = PBXFileReference; lastKnownFileType = sourcecode.swift; path = AppDelegate.swift; sourceTree = "<group>"; };
		102562091FAA84E9008404F0 /* ViewController.swift */ = {isa = PBXFileReference; lastKnownFileType = sourcecode.swift; path = ViewController.swift; sourceTree = "<group>"; };
		1025620C1FAA84E9008404F0 /* Base */ = {isa = PBXFileReference; lastKnownFileType = file.storyboard; name = Base; path = Base.lproj/Main.storyboard; sourceTree = "<group>"; };
		1025620E1FAA84E9008404F0 /* Assets.xcassets */ = {isa = PBXFileReference; lastKnownFileType = folder.assetcatalog; path = Assets.xcassets; sourceTree = "<group>"; };
		102562111FAA84E9008404F0 /* Base */ = {isa = PBXFileReference; lastKnownFileType = file.storyboard; name = Base; path = Base.lproj/LaunchScreen.storyboard; sourceTree = "<group>"; };
		102562131FAA84E9008404F0 /* Info.plist */ = {isa = PBXFileReference; lastKnownFileType = text.plist.xml; path = Info.plist; sourceTree = "<group>"; };
		102562181FAA84E9008404F0 /* TTTTests.xctest */ = {isa = PBXFileReference; explicitFileType = wrapper.cfbundle; includeInIndex = 0; path = TTTTests.xctest; sourceTree = BUILT_PRODUCTS_DIR; };
		1025621C1FAA84E9008404F0 /* TTTTests.swift */ = {isa = PBXFileReference; lastKnownFileType = sourcecode.swift; path = TTTTests.swift; sourceTree = "<group>"; };
		1025621E1FAA84E9008404F0 /* Info.plist */ = {isa = PBXFileReference; lastKnownFileType = text.plist.xml; path = Info.plist; sourceTree = "<group>"; };
		102562231FAA84E9008404F0 /* TTTUITests.xctest */ = {isa = PBXFileReference; explicitFileType = wrapper.cfbundle; includeInIndex = 0; path = TTTUITests.xctest; sourceTree = BUILT_PRODUCTS_DIR; };
		102562271FAA84E9008404F0 /* TTTUITests.swift */ = {isa = PBXFileReference; lastKnownFileType = sourcecode.swift; path = TTTUITests.swift; sourceTree = "<group>"; };
		102562291FAA84E9008404F0 /* Info.plist */ = {isa = PBXFileReference; lastKnownFileType = text.plist.xml; path = Info.plist; sourceTree = "<group>"; };
/* End PBXFileReference section */

/* Begin PBXFrameworksBuildPhase section */
		102562011FAA84E9008404F0 /* Frameworks */ = {
			isa = PBXFrameworksBuildPhase;
			buildActionMask = 2147483647;
			files = (
			);
			runOnlyForDeploymentPostprocessing = 0;
		};
		102562151FAA84E9008404F0 /* Frameworks */ = {
			isa = PBXFrameworksBuildPhase;
			buildActionMask = 2147483647;
			files = (
			);
			runOnlyForDeploymentPostprocessing = 0;
		};
		102562201FAA84E9008404F0 /* Frameworks */ = {
			isa = PBXFrameworksBuildPhase;
			buildActionMask = 2147483647;
			files = (
			);
			runOnlyForDeploymentPostprocessing = 0;
		};
/* End PBXFrameworksBuildPhase section */

/* Begin PBXGroup section */
		102561FB1FAA84E9008404F0 = {
			isa = PBXGroup;
			children = (
				102562061FAA84E9008404F0 /* TTT */,
				1025621B1FAA84E9008404F0 /* TTTTests */,
				102562261FAA84E9008404F0 /* TTTUITests */,
				102562051FAA84E9008404F0 /* Products */,
			);
			sourceTree = "<group>";
		};
		102562051FAA84E9008404F0 /* Products */ = {
			isa = PBXGroup;
			children = (
				102562041FAA84E9008404F0 /* TTT.app */,
				102562181FAA84E9008404F0 /* TTTTests.xctest */,
				102562231FAA84E9008404F0 /* TTTUITests.xctest */,
			);
			name = Products;
			sourceTree = "<group>";
		};
		102562061FAA84E9008404F0 /* TTT */ = {
			isa = PBXGroup;
			children = (
				102562071FAA84E9008404F0 /* AppDelegate.swift */,
				102562091FAA84E9008404F0 /* ViewController.swift */,
				1025620B1FAA84E9008404F0 /* Main.storyboard */,
				1025620E1FAA84E9008404F0 /* Assets.xcassets */,
				102562101FAA84E9008404F0 /* LaunchScreen.storyboard */,
				102562131FAA84E9008404F0 /* Info.plist */,
			);
			path = TTT;
			sourceTree = "<group>";
		};
		1025621B1FAA84E9008404F0 /* TTTTests */ = {
			isa = PBXGroup;
			children = (
				1025621C1FAA84E9008404F0 /* TTTTests.swift */,
				1025621E1FAA84E9008404F0 /* Info.plist */,
			);
			path = TTTTests;
			sourceTree = "<group>";
		};
		102562261FAA84E9008404F0 /* TTTUITests */ = {
			isa = PBXGroup;
			children = (
				102562271FAA84E9008404F0 /* TTTUITests.swift */,
				102562291FAA84E9008404F0 /* Info.plist */,
			);
			path = TTTUITests;
			sourceTree = "<group>";
		};
/* End PBXGroup section */

/* Begin PBXNativeTarget section */
		102562031FAA84E9008404F0 /* TTT */ = {
			isa = PBXNativeTarget;
			buildConfigurationList = 1025622C1FAA84E9008404F0 /* Build configuration list for PBXNativeTarget "TTT" */;
			buildPhases = (
				102562001FAA84E9008404F0 /* Sources */,
				102562011FAA84E9008404F0 /* Frameworks */,
				102562021FAA84E9008404F0 /* Resources */,
			);
			buildRules = (
			);
			dependencies = (
			);
			name = TTT;
			productName = TTT;
			productReference = 102562041FAA84E9008404F0 /* TTT.app */;
			productType = "com.apple.product-type.application";
		};
		102562171FAA84E9008404F0 /* TTTTests */ = {
			isa = PBXNativeTarget;
			buildConfigurationList = 1025622F1FAA84E9008404F0 /* Build configuration list for PBXNativeTarget "TTTTests" */;
			buildPhases = (
				102562141FAA84E9008404F0 /* Sources */,
				102562151FAA84E9008404F0 /* Frameworks */,
				102562161FAA84E9008404F0 /* Resources */,
			);
			buildRules = (
			);
			dependencies = (
				1025621A1FAA84E9008404F0 /* PBXTargetDependency */,
			);
			name = TTTTests;
			productName = TTTTests;
			productReference = 102562181FAA84E9008404F0 /* TTTTests.xctest */;
			productType = "com.apple.product-type.bundle.unit-test";
		};
		102562221FAA84E9008404F0 /* TTTUITests */ = {
			isa = PBXNativeTarget;
			buildConfigurationList = 102562321FAA84E9008404F0 /* Build configuration list for PBXNativeTarget "TTTUITests" */;
			buildPhases = (
				1025621F1FAA84E9008404F0 /* Sources */,
				102562201FAA84E9008404F0 /* Frameworks */,
				102562211FAA84E9008404F0 /* Resources */,
			);
			buildRules = (
			);
			dependencies = (
				102562251FAA84E9008404F0 /* PBXTargetDependency */,
			);
			name = TTTUITests;
			productName = TTTUITests;
			productReference = 102562231FAA84E9008404F0 /* TTTUITests.xctest */;
			productType = "com.apple.product-type.bundle.ui-testing";
		};
/* End PBXNativeTarget section */

/* Begin PBXProject section */
		102561FC1FAA84E9008404F0 /* Project object */ = {
			isa = PBXProject;
			attributes = {
				LastSwiftUpdateCheck = 0900;
				LastUpgradeCheck = 0900;
				ORGANIZATIONNAME = "Krystyna Swider";
				TargetAttributes = {
					102562031FAA84E9008404F0 = {
						CreatedOnToolsVersion = 9.0.1;
						ProvisioningStyle = Automatic;
					};
					102562171FAA84E9008404F0 = {
						CreatedOnToolsVersion = 9.0.1;
						ProvisioningStyle = Automatic;
						TestTargetID = 102562031FAA84E9008404F0;
					};
					102562221FAA84E9008404F0 = {
						CreatedOnToolsVersion = 9.0.1;
						ProvisioningStyle = Automatic;
						TestTargetID = 102562031FAA84E9008404F0;
					};
				};
			};
			buildConfigurationList = 102561FF1FAA84E9008404F0 /* Build configuration list for PBXProject "TTT" */;
			compatibilityVersion = "Xcode 8.0";
			developmentRegion = en;
			hasScannedForEncodings = 0;
			knownRegions = (
				en,
				Base,
			);
			mainGroup = 102561FB1FAA84E9008404F0;
			productRefGroup = 102562051FAA84E9008404F0 /* Products */;
			projectDirPath = "";
			projectRoot = "";
			targets = (
				102562031FAA84E9008404F0 /* TTT */,
				102562171FAA84E9008404F0 /* TTTTests */,
				102562221FAA84E9008404F0 /* TTTUITests */,
			);
		};
/* End PBXProject section */

/* Begin PBXResourcesBuildPhase section */
		102562021FAA84E9008404F0 /* Resources */ = {
			isa = PBXResourcesBuildPhase;
			buildActionMask = 2147483647;
			files = (
				102562121FAA84E9008404F0 /* LaunchScreen.storyboard in Resources */,
				1025620F1FAA84E9008404F0 /* Assets.xcassets in Resources */,
				1025620D1FAA84E9008404F0 /* Main.storyboard in Resources */,
			);
			runOnlyForDeploymentPostprocessing = 0;
		};
		102562161FAA84E9008404F0 /* Resources */ = {
			isa = PBXResourcesBuildPhase;
			buildActionMask = 2147483647;
			files = (
			);
			runOnlyForDeploymentPostprocessing = 0;
		};
		102562211FAA84E9008404F0 /* Resources */ = {
			isa = PBXResourcesBuildPhase;
			buildActionMask = 2147483647;
			files = (
			);
			runOnlyForDeploymentPostprocessing = 0;
		};
/* End PBXResourcesBuildPhase section */

/* Begin PBXSourcesBuildPhase section */
		102562001FAA84E9008404F0 /* Sources */ = {
			isa = PBXSourcesBuildPhase;
			buildActionMask = 2147483647;
			files = (
				1025620A1FAA84E9008404F0 /* ViewController.swift in Sources */,
				102562081FAA84E9008404F0 /* AppDelegate.swift in Sources */,
			);
			runOnlyForDeploymentPostprocessing = 0;
		};
		102562141FAA84E9008404F0 /* Sources */ = {
			isa = PBXSourcesBuildPhase;
			buildActionMask = 2147483647;
			files = (
				1025621D1FAA84E9008404F0 /* TTTTests.swift in Sources */,
			);
			runOnlyForDeploymentPostprocessing = 0;
		};
		1025621F1FAA84E9008404F0 /* Sources */ = {
			isa = PBXSourcesBuildPhase;
			buildActionMask = 2147483647;
			files = (
				102562281FAA84E9008404F0 /* TTTUITests.swift in Sources */,
			);
			runOnlyForDeploymentPostprocessing = 0;
		};
/* End PBXSourcesBuildPhase section */

/* Begin PBXTargetDependency section */
		1025621A1FAA84E9008404F0 /* PBXTargetDependency */ = {
			isa = PBXTargetDependency;
			target = 102562031FAA84E9008404F0 /* TTT */;
			targetProxy = 102562191FAA84E9008404F0 /* PBXContainerItemProxy */;
		};
		102562251FAA84E9008404F0 /* PBXTargetDependency */ = {
			isa = PBXTargetDependency;
			target = 102562031FAA84E9008404F0 /* TTT */;
			targetProxy = 102562241FAA84E9008404F0 /* PBXContainerItemProxy */;
		};
/* End PBXTargetDependency section */

/* Begin PBXVariantGroup section */
		1025620B1FAA84E9008404F0 /* Main.storyboard */ = {
			isa = PBXVariantGroup;
			children = (
				1025620C1FAA84E9008404F0 /* Base */,
			);
			name = Main.storyboard;
			sourceTree = "<group>";
		};
		102562101FAA84E9008404F0 /* LaunchScreen.storyboard */ = {
			isa = PBXVariantGroup;
			children = (
				102562111FAA84E9008404F0 /* Base */,
			);
			name = LaunchScreen.storyboard;
			sourceTree = "<group>";
		};
/* End PBXVariantGroup section */

/* Begin XCBuildConfiguration section */
		1025622A1FAA84E9008404F0 /* Debug */ = {
			isa = XCBuildConfiguration;
			buildSettings = {
				ALWAYS_SEARCH_USER_PATHS = NO;
				CLANG_ANALYZER_NONNULL = YES;
				CLANG_ANALYZER_NUMBER_OBJECT_CONVERSION = YES_AGGRESSIVE;
				CLANG_CXX_LANGUAGE_STANDARD = "gnu++14";
				CLANG_CXX_LIBRARY = "libc++";
				CLANG_ENABLE_MODULES = YES;
				CLANG_ENABLE_OBJC_ARC = YES;
				CLANG_WARN_BLOCK_CAPTURE_AUTORELEASING = YES;
				CLANG_WARN_BOOL_CONVERSION = YES;
				CLANG_WARN_COMMA = YES;
				CLANG_WARN_CONSTANT_CONVERSION = YES;
				CLANG_WARN_DIRECT_OBJC_ISA_USAGE = YES_ERROR;
				CLANG_WARN_DOCUMENTATION_COMMENTS = YES;
				CLANG_WARN_EMPTY_BODY = YES;
				CLANG_WARN_ENUM_CONVERSION = YES;
				CLANG_WARN_INFINITE_RECURSION = YES;
				CLANG_WARN_INT_CONVERSION = YES;
				CLANG_WARN_NON_LITERAL_NULL_CONVERSION = YES;
				CLANG_WARN_OBJC_LITERAL_CONVERSION = YES;
				CLANG_WARN_OBJC_ROOT_CLASS = YES_ERROR;
				CLANG_WARN_RANGE_LOOP_ANALYSIS = YES;
				CLANG_WARN_STRICT_PROTOTYPES = YES;
				CLANG_WARN_SUSPICIOUS_MOVE = YES;
				CLANG_WARN_UNGUARDED_AVAILABILITY = YES_AGGRESSIVE;
				CLANG_WARN_UNREACHABLE_CODE = YES;
				CLANG_WARN__DUPLICATE_METHOD_MATCH = YES;
				CODE_SIGN_IDENTITY = "iPhone Developer";
				COPY_PHASE_STRIP = NO;
				DEBUG_INFORMATION_FORMAT = dwarf;
				ENABLE_STRICT_OBJC_MSGSEND = YES;
				ENABLE_TESTABILITY = YES;
				GCC_C_LANGUAGE_STANDARD = gnu11;
				GCC_DYNAMIC_NO_PIC = NO;
				GCC_NO_COMMON_BLOCKS = YES;
				GCC_OPTIMIZATION_LEVEL = 0;
				GCC_PREPROCESSOR_DEFINITIONS = (
					"DEBUG=1",
					"$(inherited)",
				);
				GCC_WARN_64_TO_32_BIT_CONVERSION = YES;
				GCC_WARN_ABOUT_RETURN_TYPE = YES_ERROR;
				GCC_WARN_UNDECLARED_SELECTOR = YES;
				GCC_WARN_UNINITIALIZED_AUTOS = YES_AGGRESSIVE;
				GCC_WARN_UNUSED_FUNCTION = YES;
				GCC_WARN_UNUSED_VARIABLE = YES;
				IPHONEOS_DEPLOYMENT_TARGET = 11.0;
				MTL_ENABLE_DEBUG_INFO = YES;
				ONLY_ACTIVE_ARCH = YES;
				SDKROOT = iphoneos;
				SWIFT_ACTIVE_COMPILATION_CONDITIONS = DEBUG;
				SWIFT_OPTIMIZATION_LEVEL = "-Onone";
			};
			name = Debug;
		};
		1025622B1FAA84E9008404F0 /* Release */ = {
			isa = XCBuildConfiguration;
			buildSettings = {
				ALWAYS_SEARCH_USER_PATHS = NO;
				CLANG_ANALYZER_NONNULL = YES;
				CLANG_ANALYZER_NUMBER_OBJECT_CONVERSION = YES_AGGRESSIVE;
				CLANG_CXX_LANGUAGE_STANDARD = "gnu++14";
				CLANG_CXX_LIBRARY = "libc++";
				CLANG_ENABLE_MODULES = YES;
				CLANG_ENABLE_OBJC_ARC = YES;
				CLANG_WARN_BLOCK_CAPTURE_AUTORELEASING = YES;
				CLANG_WARN_BOOL_CONVERSION = YES;
				CLANG_WARN_COMMA = YES;
				CLANG_WARN_CONSTANT_CONVERSION = YES;
				CLANG_WARN_DIRECT_OBJC_ISA_USAGE = YES_ERROR;
				CLANG_WARN_DOCUMENTATION_COMMENTS = YES;
				CLANG_WARN_EMPTY_BODY = YES;
				CLANG_WARN_ENUM_CONVERSION = YES;
				CLANG_WARN_INFINITE_RECURSION = YES;
				CLANG_WARN_INT_CONVERSION = YES;
				CLANG_WARN_NON_LITERAL_NULL_CONVERSION = YES;
				CLANG_WARN_OBJC_LITERAL_CONVERSION = YES;
				CLANG_WARN_OBJC_ROOT_CLASS = YES_ERROR;
				CLANG_WARN_RANGE_LOOP_ANALYSIS = YES;
				CLANG_WARN_STRICT_PROTOTYPES = YES;
				CLANG_WARN_SUSPICIOUS_MOVE = YES;
				CLANG_WARN_UNGUARDED_AVAILABILITY = YES_AGGRESSIVE;
				CLANG_WARN_UNREACHABLE_CODE = YES;
				CLANG_WARN__DUPLICATE_METHOD_MATCH = YES;
				CODE_SIGN_IDENTITY = "iPhone Developer";
				COPY_PHASE_STRIP = NO;
				DEBUG_INFORMATION_FORMAT = "dwarf-with-dsym";
				ENABLE_NS_ASSERTIONS = NO;
				ENABLE_STRICT_OBJC_MSGSEND = YES;
				GCC_C_LANGUAGE_STANDARD = gnu11;
				GCC_NO_COMMON_BLOCKS = YES;
				GCC_WARN_64_TO_32_BIT_CONVERSION = YES;
				GCC_WARN_ABOUT_RETURN_TYPE = YES_ERROR;
				GCC_WARN_UNDECLARED_SELECTOR = YES;
				GCC_WARN_UNINITIALIZED_AUTOS = YES_AGGRESSIVE;
				GCC_WARN_UNUSED_FUNCTION = YES;
				GCC_WARN_UNUSED_VARIABLE = YES;
				IPHONEOS_DEPLOYMENT_TARGET = 11.0;
				MTL_ENABLE_DEBUG_INFO = NO;
				SDKROOT = iphoneos;
				SWIFT_OPTIMIZATION_LEVEL = "-Owholemodule";
				VALIDATE_PRODUCT = YES;
			};
			name = Release;
		};
		1025622D1FAA84E9008404F0 /* Debug */ = {
			isa = XCBuildConfiguration;
			buildSettings = {
				ASSETCATALOG_COMPILER_APPICON_NAME = AppIcon;
				CODE_SIGN_STYLE = Automatic;
				DEVELOPMENT_TEAM = H8ZPEWA7R4;
				INFOPLIST_FILE = TTT/Info.plist;
				IPHONEOS_DEPLOYMENT_TARGET = 11.0;
				LD_RUNPATH_SEARCH_PATHS = "$(inherited) @executable_path/Frameworks";
				PRODUCT_BUNDLE_IDENTIFIER = KLP.TTT;
				PRODUCT_NAME = "$(TARGET_NAME)";
				SWIFT_VERSION = 4.0;
				TARGETED_DEVICE_FAMILY = "1,2";
			};
			name = Debug;
		};
		1025622E1FAA84E9008404F0 /* Release */ = {
			isa = XCBuildConfiguration;
			buildSettings = {
				ASSETCATALOG_COMPILER_APPICON_NAME = AppIcon;
				CODE_SIGN_STYLE = Automatic;
				DEVELOPMENT_TEAM = H8ZPEWA7R4;
				INFOPLIST_FILE = TTT/Info.plist;
				IPHONEOS_DEPLOYMENT_TARGET = 11.0;
				LD_RUNPATH_SEARCH_PATHS = "$(inherited) @executable_path/Frameworks";
				PRODUCT_BUNDLE_IDENTIFIER = KLP.TTT;
				PRODUCT_NAME = "$(TARGET_NAME)";
				SWIFT_VERSION = 4.0;
				TARGETED_DEVICE_FAMILY = "1,2";
			};
			name = Release;
		};
		102562301FAA84E9008404F0 /* Debug */ = {
			isa = XCBuildConfiguration;
			buildSettings = {
				ALWAYS_EMBED_SWIFT_STANDARD_LIBRARIES = YES;
				BUNDLE_LOADER = "$(TEST_HOST)";
				CODE_SIGN_STYLE = Automatic;
				INFOPLIST_FILE = TTTTests/Info.plist;
				LD_RUNPATH_SEARCH_PATHS = "$(inherited) @executable_path/Frameworks @loader_path/Frameworks";
				PRODUCT_BUNDLE_IDENTIFIER = KLP.TTTTests;
				PRODUCT_NAME = "$(TARGET_NAME)";
				SWIFT_VERSION = 4.0;
				TARGETED_DEVICE_FAMILY = "1,2";
				TEST_HOST = "$(BUILT_PRODUCTS_DIR)/TTT.app/TTT";
			};
			name = Debug;
		};
		102562311FAA84E9008404F0 /* Release */ = {
			isa = XCBuildConfiguration;
			buildSettings = {
				ALWAYS_EMBED_SWIFT_STANDARD_LIBRARIES = YES;
				BUNDLE_LOADER = "$(TEST_HOST)";
				CODE_SIGN_STYLE = Automatic;
				INFOPLIST_FILE = TTTTests/Info.plist;
				LD_RUNPATH_SEARCH_PATHS = "$(inherited) @executable_path/Frameworks @loader_path/Frameworks";
				PRODUCT_BUNDLE_IDENTIFIER = KLP.TTTTests;
				PRODUCT_NAME = "$(TARGET_NAME)";
				SWIFT_VERSION = 4.0;
				TARGETED_DEVICE_FAMILY = "1,2";
				TEST_HOST = "$(BUILT_PRODUCTS_DIR)/TTT.app/TTT";
			};
			name = Release;
		};
		102562331FAA84E9008404F0 /* Debug */ = {
			isa = XCBuildConfiguration;
			buildSettings = {
				ALWAYS_EMBED_SWIFT_STANDARD_LIBRARIES = YES;
				CODE_SIGN_STYLE = Automatic;
				INFOPLIST_FILE = TTTUITests/Info.plist;
				LD_RUNPATH_SEARCH_PATHS = "$(inherited) @executable_path/Frameworks @loader_path/Frameworks";
				PRODUCT_BUNDLE_IDENTIFIER = KLP.TTTUITests;
				PRODUCT_NAME = "$(TARGET_NAME)";
				SWIFT_VERSION = 4.0;
				TARGETED_DEVICE_FAMILY = "1,2";
				TEST_TARGET_NAME = TTT;
			};
			name = Debug;
		};
		102562341FAA84E9008404F0 /* Release */ = {
			isa = XCBuildConfiguration;
			buildSettings = {
				ALWAYS_EMBED_SWIFT_STANDARD_LIBRARIES = YES;
				CODE_SIGN_STYLE = Automatic;
				INFOPLIST_FILE = TTTUITests/Info.plist;
				LD_RUNPATH_SEARCH_PATHS = "$(inherited) @executable_path/Frameworks @loader_path/Frameworks";
				PRODUCT_BUNDLE_IDENTIFIER = KLP.TTTUITests;
				PRODUCT_NAME = "$(TARGET_NAME)";
				SWIFT_VERSION = 4.0;
				TARGETED_DEVICE_FAMILY = "1,2";
				TEST_TARGET_NAME = TTT;
			};
			name = Release;
		};
/* End XCBuildConfiguration section */

/* Begin XCConfigurationList section */
		102561FF1FAA84E9008404F0 /* Build configuration list for PBXProject "TTT" */ = {
			isa = XCConfigurationList;
			buildConfigurations = (
				1025622A1FAA84E9008404F0 /* Debug */,
				1025622B1FAA84E9008404F0 /* Release */,
			);
			defaultConfigurationIsVisible = 0;
			defaultConfigurationName = Release;
		};
		1025622C1FAA84E9008404F0 /* Build configuration list for PBXNativeTarget "TTT" */ = {
			isa = XCConfigurationList;
			buildConfigurations = (
				1025622D1FAA84E9008404F0 /* Debug */,
				1025622E1FAA84E9008404F0 /* Release */,
			);
			defaultConfigurationIsVisible = 0;
			defaultConfigurationName = Release;
		};
		1025622F1FAA84E9008404F0 /* Build configuration list for PBXNativeTarget "TTTTests" */ = {
			isa = XCConfigurationList;
			buildConfigurations = (
				102562301FAA84E9008404F0 /* Debug */,
				102562311FAA84E9008404F0 /* Release */,
			);
			defaultConfigurationIsVisible = 0;
			defaultConfigurationName = Release;
		};
		102562321FAA84E9008404F0 /* Build configuration list for PBXNativeTarget "TTTUITests" */ = {
			isa = XCConfigurationList;
			buildConfigurations = (
				102562331FAA84E9008404F0 /* Debug */,
				102562341FAA84E9008404F0 /* Release */,
			);
			defaultConfigurationIsVisible = 0;
			defaultConfigurationName = Release;
		};
/* End XCConfigurationList section */
	};
	rootObject = 102561FC1FAA84E9008404F0 /* Project object */;
}
